
Microsoft Visual Studio Solution File, Format Version 12.00
# Visual Studio Version 17
VisualStudioVersion = 17.11.35327.3
MinimumVisualStudioVersion = 10.0.40219.1
Project("{9A19103F-16F7-4668-BE54-9A1E7A4F7556}") = "PeerToPeerWebService", "PeerToPeerWebService\PeerToPeerWebService.csproj", "{9FC4010C-D90A-46AD-B8FD-BF10DEE59082}"
EndProject
Project("{FAE04EC0-301F-11D3-BF4B-00C04F79EFBC}") = "PeerToPeerClient", "PeerToPeerClient\PeerToPeerClient.csproj", "{328F59E3-F9C1-4643-8EDB-8B12E4FEDA7F}"
EndProject
Global
	GlobalSection(SolutionConfigurationPlatforms) = preSolution
		Debug|Any CPU = Debug|Any CPU
		Release|Any CPU = Release|Any CPU
	EndGlobalSection
	GlobalSection(ProjectConfigurationPlatforms) = postSolution
		{9FC4010C-D90A-46AD-B8FD-BF10DEE59082}.Debug|Any CPU.ActiveCfg = Debug|Any CPU
		{9FC4010C-D90A-46AD-B8FD-BF10DEE59082}.Debug|Any CPU.Build.0 = Debug|Any CPU
		{9FC4010C-D90A-46AD-B8FD-BF10DEE59082}.Release|Any CPU.ActiveCfg = Release|Any CPU
		{9FC4010C-D90A-46AD-B8FD-BF10DEE59082}.Release|Any CPU.Build.0 = Release|Any CPU
		{328F59E3-F9C1-4643-8EDB-8B12E4FEDA7F}.Debug|Any CPU.ActiveCfg = Debug|Any CPU
		{328F59E3-F9C1-4643-8EDB-8B12E4FEDA7F}.Debug|Any CPU.Build.0 = Debug|Any CPU
		{328F59E3-F9C1-4643-8EDB-8B12E4FEDA7F}.Release|Any CPU.ActiveCfg = Release|Any CPU
		{328F59E3-F9C1-4643-8EDB-8B12E4FEDA7F}.Release|Any CPU.Build.0 = Release|Any CPU
	EndGlobalSection
	GlobalSection(SolutionProperties) = preSolution
		HideSolutionNode = FALSE
	EndGlobalSection
	GlobalSection(ExtensibilityGlobals) = postSolution
		SolutionGuid = {83197F90-A24E-400B-BDB2-1B390625D3D0}
	EndGlobalSection
EndGlobal
